
Microsoft Visual Studio Solution File, Format Version 12.00
# Visual Studio 15
VisualStudioVersion = 15.0.28010.2050
MinimumVisualStudioVersion = 10.0.40219.1
Project("{9A19103F-16F7-4668-BE54-9A1E7A4F7556}") = "SimpleAdmin.App", "src\SimpleAdmin.App\SimpleAdmin.App.csproj", "{CE74E5BC-26C4-466F-8602-2F4CD49E8A53}"
EndProject
Project("{9A19103F-16F7-4668-BE54-9A1E7A4F7556}") = "SimpleAdmin.Services", "src\SimpleAdmin.Services\SimpleAdmin.Services.csproj", "{F92CAC83-50D4-4B8F-AFFB-905EB9171A97}"
EndProject
Project("{9A19103F-16F7-4668-BE54-9A1E7A4F7556}") = "SimpleAdmin.Contracts", "src\SimpleAdmin.Contracts\SimpleAdmin.Contracts.csproj", "{C2E0B076-40B1-4036-98F8-C1BFDB5FC374}"
EndProject
Project("{9A19103F-16F7-4668-BE54-9A1E7A4F7556}") = "SimpleAdmin.Utils", "src\SimpleAdmin.Utils\SimpleAdmin.Utils.csproj", "{8CE7C507-62AF-4CD4-AF6C-5D1B66BCE86E}"
EndProject
Project("{FAE04EC0-301F-11D3-BF4B-00C04F79EFBC}") = "SimpleAdmin.Common", "src\SimpleAdmin.Common\SimpleAdmin.Common.csproj", "{7B62CA6C-DDE7-4C9A-AE23-1D1AA2F4CA53}"
EndProject
Global
	GlobalSection(SolutionConfigurationPlatforms) = preSolution
		Debug|Any CPU = Debug|Any CPU
		Release|Any CPU = Release|Any CPU
	EndGlobalSection
	GlobalSection(ProjectConfigurationPlatforms) = postSolution
		{CE74E5BC-26C4-466F-8602-2F4CD49E8A53}.Debug|Any CPU.ActiveCfg = Debug|Any CPU
		{CE74E5BC-26C4-466F-8602-2F4CD49E8A53}.Debug|Any CPU.Build.0 = Debug|Any CPU
		{CE74E5BC-26C4-466F-8602-2F4CD49E8A53}.Release|Any CPU.ActiveCfg = Release|Any CPU
		{CE74E5BC-26C4-466F-8602-2F4CD49E8A53}.Release|Any CPU.Build.0 = Release|Any CPU
		{F92CAC83-50D4-4B8F-AFFB-905EB9171A97}.Debug|Any CPU.ActiveCfg = Debug|Any CPU
		{F92CAC83-50D4-4B8F-AFFB-905EB9171A97}.Debug|Any CPU.Build.0 = Debug|Any CPU
		{F92CAC83-50D4-4B8F-AFFB-905EB9171A97}.Release|Any CPU.ActiveCfg = Release|Any CPU
		{F92CAC83-50D4-4B8F-AFFB-905EB9171A97}.Release|Any CPU.Build.0 = Release|Any CPU
		{C2E0B076-40B1-4036-98F8-C1BFDB5FC374}.Debug|Any CPU.ActiveCfg = Debug|Any CPU
		{C2E0B076-40B1-4036-98F8-C1BFDB5FC374}.Debug|Any CPU.Build.0 = Debug|Any CPU
		{C2E0B076-40B1-4036-98F8-C1BFDB5FC374}.Release|Any CPU.ActiveCfg = Release|Any CPU
		{C2E0B076-40B1-4036-98F8-C1BFDB5FC374}.Release|Any CPU.Build.0 = Release|Any CPU
		{8CE7C507-62AF-4CD4-AF6C-5D1B66BCE86E}.Debug|Any CPU.ActiveCfg = Debug|Any CPU
		{8CE7C507-62AF-4CD4-AF6C-5D1B66BCE86E}.Debug|Any CPU.Build.0 = Debug|Any CPU
		{8CE7C507-62AF-4CD4-AF6C-5D1B66BCE86E}.Release|Any CPU.ActiveCfg = Release|Any CPU
		{8CE7C507-62AF-4CD4-AF6C-5D1B66BCE86E}.Release|Any CPU.Build.0 = Release|Any CPU
		{7B62CA6C-DDE7-4C9A-AE23-1D1AA2F4CA53}.Debug|Any CPU.ActiveCfg = Debug|Any CPU
		{7B62CA6C-DDE7-4C9A-AE23-1D1AA2F4CA53}.Debug|Any CPU.Build.0 = Debug|Any CPU
		{7B62CA6C-DDE7-4C9A-AE23-1D1AA2F4CA53}.Release|Any CPU.ActiveCfg = Release|Any CPU
		{7B62CA6C-DDE7-4C9A-AE23-1D1AA2F4CA53}.Release|Any CPU.Build.0 = Release|Any CPU
	EndGlobalSection
	GlobalSection(SolutionProperties) = preSolution
		HideSolutionNode = FALSE
	EndGlobalSection
	GlobalSection(ExtensibilityGlobals) = postSolution
		SolutionGuid = {C1480134-1D54-4F3F-82FE-270EA42AF3A1}
	EndGlobalSection
EndGlobal
